
Microsoft Visual Studio Solution File, Format Version 12.00
# Visual Studio Version 17
VisualStudioVersion = 17.3.32901.215
MinimumVisualStudioVersion = 10.0.40219.1
Project("{FAE04EC0-301F-11D3-BF4B-00C04F79EFBC}") = "GlassKnight", "GlassKnight.csproj", "{E5CC6996-A38C-4CBC-AB51-5AE8EEF9CAC1}"
EndProject
Project("{2150E333-8FDC-42A3-9474-1A3956D46DE8}") = "Solution Files", "Solution Files", "{9E4B60A0-E9A5-4B96-A8C2-4AB3EFA1BA51}"
	ProjectSection(SolutionItems) = preProject
		.github\workflows\build.yml = .github\workflows\build.yml
		README.md = README.md
	EndProjectSection
EndProject
Global
	GlobalSection(SolutionConfigurationPlatforms) = preSolution
		Debug|Any CPU = Debug|Any CPU
		Release|Any CPU = Release|Any CPU
	EndGlobalSection
	GlobalSection(ProjectConfigurationPlatforms) = postSolution
		{E5CC6996-A38C-4CBC-AB51-5AE8EEF9CAC1}.Debug|Any CPU.ActiveCfg = Debug|Any CPU
		{E5CC6996-A38C-4CBC-AB51-5AE8EEF9CAC1}.Debug|Any CPU.Build.0 = Debug|Any CPU
		{E5CC6996-A38C-4CBC-AB51-5AE8EEF9CAC1}.Release|Any CPU.ActiveCfg = Release|Any CPU
		{E5CC6996-A38C-4CBC-AB51-5AE8EEF9CAC1}.Release|Any CPU.Build.0 = Release|Any CPU
	EndGlobalSection
	GlobalSection(SolutionProperties) = preSolution
		HideSolutionNode = FALSE
	EndGlobalSection
	GlobalSection(ExtensibilityGlobals) = postSolution
		SolutionGuid = {31BB681C-D08A-4843-9DAD-7A4090F54C25}
	EndGlobalSection
EndGlobal
